Microsoft Visual Studio Solution File, Format Version 12.00
# Visual Studio Version 17
VisualStudioVersion = 17.5.2.0
MinimumVisualStudioVersion = 10.0.40219.1
Project("{FAE04EC0-301F-11D3-BF4B-00C04F79EFBC}") = "Kick X", "Kick X.csproj", "{AA9AE607-F18E-06E8-10C3-6E020714B90C}"
EndProject
Global
	GlobalSection(SolutionConfigurationPlatforms) = preSolution
		Debug|Any CPU = Debug|Any CPU
		Release|Any CPU = Release|Any CPU
	EndGlobalSection
	GlobalSection(ProjectConfigurationPlatforms) = postSolution
		{AA9AE607-F18E-06E8-10C3-6E020714B90C}.Debug|Any CPU.ActiveCfg = Debug|Any CPU
		{AA9AE607-F18E-06E8-10C3-6E020714B90C}.Debug|Any CPU.Build.0 = Debug|Any CPU
		{AA9AE607-F18E-06E8-10C3-6E020714B90C}.Release|Any CPU.ActiveCfg = Release|Any CPU
		{AA9AE607-F18E-06E8-10C3-6E020714B90C}.Release|Any CPU.Build.0 = Release|Any CPU
	EndGlobalSection
	GlobalSection(SolutionProperties) = preSolution
		HideSolutionNode = FALSE
	EndGlobalSection
	GlobalSection(ExtensibilityGlobals) = postSolution
		SolutionGuid = {6E190CFB-B22B-4FF9-9EF6-5B3C1CD083F3}
	EndGlobalSection
EndGlobal
